
Microsoft Visual Studio Solution File, Format Version 12.00
# Visual Studio Version 17
VisualStudioVersion = 17.14.36518.9 d17.14
MinimumVisualStudioVersion = 10.0.40219.1
Project("{FAE04EC0-301F-11D3-BF4B-00C04F79EFBC}") = "Lab2Calculadora", "Lab2Calculadora.csproj", "{EDA37C80-1078-4B5A-BB79-083DCFEA605E}"
EndProject
Global
	GlobalSection(SolutionConfigurationPlatforms) = preSolution
		Debug|Any CPU = Debug|Any CPU
		Release|Any CPU = Release|Any CPU
	EndGlobalSection
	GlobalSection(ProjectConfigurationPlatforms) = postSolution
		{EDA37C80-1078-4B5A-BB79-083DCFEA605E}.Debug|Any CPU.ActiveCfg = Debug|Any CPU
		{EDA37C80-1078-4B5A-BB79-083DCFEA605E}.Debug|Any CPU.Build.0 = Debug|Any CPU
		{EDA37C80-1078-4B5A-BB79-083DCFEA605E}.Release|Any CPU.ActiveCfg = Release|Any CPU
		{EDA37C80-1078-4B5A-BB79-083DCFEA605E}.Release|Any CPU.Build.0 = Release|Any CPU
	EndGlobalSection
	GlobalSection(SolutionProperties) = preSolution
		HideSolutionNode = FALSE
	EndGlobalSection
	GlobalSection(ExtensibilityGlobals) = postSolution
		SolutionGuid = {F15FA43A-3681-49B7-9B01-3DB21903BEEF}
	EndGlobalSection
EndGlobal
